
Microsoft Visual Studio Solution File, Format Version 12.00
# Visual Studio Version 17
VisualStudioVersion = 17.5.33530.505
MinimumVisualStudioVersion = 10.0.40219.1
Project("{9A19103F-16F7-4668-BE54-9A1E7A4F7556}") = "ANMService", "ANMService\ANMService.csproj", "{83902866-F65F-43D8-8153-EFB643E0E03D}"
EndProject
Project("{9A19103F-16F7-4668-BE54-9A1E7A4F7556}") = "AshaService", "AshaService\AshaService.csproj", "{B21D8F6C-D584-430C-8656-FA10006F3E1B}"
EndProject
Project("{9A19103F-16F7-4668-BE54-9A1E7A4F7556}") = "AshaAppCommon", "AshaAppCommon\AshaAppCommon.csproj", "{417A6BA7-9773-4A72-9DEB-E5D062400A34}"
EndProject
Global
	GlobalSection(SolutionConfigurationPlatforms) = preSolution
		Debug|Any CPU = Debug|Any CPU
		Release|Any CPU = Release|Any CPU
	EndGlobalSection
	GlobalSection(ProjectConfigurationPlatforms) = postSolution
		{83902866-F65F-43D8-8153-EFB643E0E03D}.Debug|Any CPU.ActiveCfg = Debug|Any CPU
		{83902866-F65F-43D8-8153-EFB643E0E03D}.Debug|Any CPU.Build.0 = Debug|Any CPU
		{83902866-F65F-43D8-8153-EFB643E0E03D}.Release|Any CPU.ActiveCfg = Release|Any CPU
		{83902866-F65F-43D8-8153-EFB643E0E03D}.Release|Any CPU.Build.0 = Release|Any CPU
		{B21D8F6C-D584-430C-8656-FA10006F3E1B}.Debug|Any CPU.ActiveCfg = Debug|Any CPU
		{B21D8F6C-D584-430C-8656-FA10006F3E1B}.Debug|Any CPU.Build.0 = Debug|Any CPU
		{B21D8F6C-D584-430C-8656-FA10006F3E1B}.Release|Any CPU.ActiveCfg = Release|Any CPU
		{B21D8F6C-D584-430C-8656-FA10006F3E1B}.Release|Any CPU.Build.0 = Release|Any CPU
		{417A6BA7-9773-4A72-9DEB-E5D062400A34}.Debug|Any CPU.ActiveCfg = Debug|Any CPU
		{417A6BA7-9773-4A72-9DEB-E5D062400A34}.Debug|Any CPU.Build.0 = Debug|Any CPU
		{417A6BA7-9773-4A72-9DEB-E5D062400A34}.Release|Any CPU.ActiveCfg = Release|Any CPU
		{417A6BA7-9773-4A72-9DEB-E5D062400A34}.Release|Any CPU.Build.0 = Release|Any CPU
	EndGlobalSection
	GlobalSection(SolutionProperties) = preSolution
		HideSolutionNode = FALSE
	EndGlobalSection
	GlobalSection(ExtensibilityGlobals) = postSolution
		SolutionGuid = {B111034D-0DBF-42C1-A4C8-3215EAF01C41}
	EndGlobalSection
EndGlobal
